{
  "name": "test-ngx-translate",
  "version": "1.0.0",
  "lockfileVersion": 1,
  "requires": true,
  "dependencies": {
    "@ngx-translate/core": {
      "version": "10.0.2",
      "resolved": "https://registry.npmjs.org/@ngx-translate/core/-/core-10.0.2.tgz",
      "integrity": "sha512-7nM3DrJaqKswwtJlbu2kuKNl+hE8Isr18sKsKvGGpSxQk+G0gO0reDlx2PhUNus7TJTkA1C59vU/JoN8hIvZ4g==",
      "requires": {
        "tslib": "^1.9.0"
      }
    },
    "@ngx-translate/http-loader": {
      "version": "3.0.1",
      "resolved": "https://registry.npmjs.org/@ngx-translate/http-loader/-/http-loader-3.0.1.tgz",
      "integrity": "sha1-ILD5i8bCUyESnT4zAqs8xInApCo=",
      "requires": {
        "tslib": "^1.9.0"
      }
    },
    "tslib": {
      "version": "1.9.2",
      "resolved": "https://registry.npmjs.org/tslib/-/tslib-1.9.2.tgz",
      "integrity": "sha512-AVP5Xol3WivEr7hnssHDsaM+lVrVXWUvd1cfXTRkTj80b//6g2wIFEH6hZG0muGZRnHGrfttpdzRk3YlBkWjKw=="
    }
  }
}
